
Microsoft Visual Studio Solution File, Format Version 9.00
# Visual Studio 2005
Project("{E24C65DC-7377-472B-9ABA-BC803B73C61A}") = "E:\myindia\jindia\", "jindia\", "{8E6E10E1-0A9C-47B8-A561-F111F8EF20F1}"
	ProjectSection(WebsiteProperties) = preProject
		Debug.AspNetCompiler.VirtualPath = "/jindia"
		Debug.AspNetCompiler.PhysicalPath = "E:\myindia\jindia\"
		Debug.AspNetCompiler.TargetPath = "PrecompiledWeb\jindia\"
		Debug.AspNetCompiler.Updateable = "true"
		Debug.AspNetCompiler.ForceOverwrite = "true"
		Debug.AspNetCompiler.FixedNames = "false"
		Debug.AspNetCompiler.Debug = "True"
		Release.AspNetCompiler.VirtualPath = "/jindia"
		Release.AspNetCompiler.PhysicalPath = "E:\myindia\jindia\"
		Release.AspNetCompiler.TargetPath = "PrecompiledWeb\jindia\"
		Release.AspNetCompiler.Updateable = "true"
		Release.AspNetCompiler.ForceOverwrite = "true"
		Release.AspNetCompiler.FixedNames = "false"
		Release.AspNetCompiler.Debug = "False"
		VWDPort = "2230"
	EndProjectSection
EndProject
Global
	GlobalSection(SolutionConfigurationPlatforms) = preSolution
		Debug|.NET = Debug|.NET
	EndGlobalSection
	GlobalSection(ProjectConfigurationPlatforms) = postSolution
		{8E6E10E1-0A9C-47B8-A561-F111F8EF20F1}.Debug|.NET.ActiveCfg = Debug|.NET
		{8E6E10E1-0A9C-47B8-A561-F111F8EF20F1}.Debug|.NET.Build.0 = Debug|.NET
	EndGlobalSection
	GlobalSection(SolutionProperties) = preSolution
		HideSolutionNode = FALSE
	EndGlobalSection
EndGlobal
